// !$*UTF8*$!
{
	archiveVersion = 1;
	classes = {
	};
	objectVersion = 50;
	objects = {

/* Begin PBXBuildFile section */
		91419D57256AA05500AF2D59 /* AppDelegate.swift in Sources */ = {isa = PBXBuildFile; fileRef = 91419D56256AA05500AF2D59 /* AppDelegate.swift */; };
		91419D59256AA05500AF2D59 /* SceneDelegate.swift in Sources */ = {isa = PBXBuildFile; fileRef = 91419D58256AA05500AF2D59 /* SceneDelegate.swift */; };
		91419D5E256AA05500AF2D59 /* Main.storyboard in Resources */ = {isa = PBXBuildFile; fileRef = 91419D5C256AA05500AF2D59 /* Main.storyboard */; };
		91419D60256AA05900AF2D59 /* Assets.xcassets in Resources */ = {isa = PBXBuildFile; fileRef = 91419D5F256AA05900AF2D59 /* Assets.xcassets */; };
		91419D63256AA05900AF2D59 /* LaunchScreen.storyboard in Resources */ = {isa = PBXBuildFile; fileRef = 91419D61256AA05900AF2D59 /* LaunchScreen.storyboard */; };
		91419D73256AA0A800AF2D59 /* MainVC.swift in Sources */ = {isa = PBXBuildFile; fileRef = 91419D71256AA0A800AF2D59 /* MainVC.swift */; };
		91419D74256AA0A800AF2D59 /* MainVC.xib in Resources */ = {isa = PBXBuildFile; fileRef = 91419D72256AA0A800AF2D59 /* MainVC.xib */; };
		91419D7C256AA2BF00AF2D59 /* FeatureCell.swift in Sources */ = {isa = PBXBuildFile; fileRef = 91419D7A256AA2BF00AF2D59 /* FeatureCell.swift */; };
		91419D7D256AA2BF00AF2D59 /* FeatureCell.xib in Resources */ = {isa = PBXBuildFile; fileRef = 91419D7B256AA2BF00AF2D59 /* FeatureCell.xib */; };
		91419D83256AA4EB00AF2D59 /* Constant.swift in Sources */ = {isa = PBXBuildFile; fileRef = 91419D82256AA4EB00AF2D59 /* Constant.swift */; };
		91419D88256AA5CF00AF2D59 /* PickCell.swift in Sources */ = {isa = PBXBuildFile; fileRef = 91419D86256AA5CF00AF2D59 /* PickCell.swift */; };
		91419D89256AA5CF00AF2D59 /* PickCell.xib in Resources */ = {isa = PBXBuildFile; fileRef = 91419D87256AA5CF00AF2D59 /* PickCell.xib */; };
		91419D8E256AA6AA00AF2D59 /* CategoriesCell.swift in Sources */ = {isa = PBXBuildFile; fileRef = 91419D8C256AA6AA00AF2D59 /* CategoriesCell.swift */; };
		91419D8F256AA6AA00AF2D59 /* CategoriesCell.xib in Resources */ = {isa = PBXBuildFile; fileRef = 91419D8D256AA6AA00AF2D59 /* CategoriesCell.xib */; };
		91419D9D256AB84200AF2D59 /* FeatureCCell.swift in Sources */ = {isa = PBXBuildFile; fileRef = 91419D9B256AB84200AF2D59 /* FeatureCCell.swift */; };
		91419D9E256AB84200AF2D59 /* FeatureCCell.xib in Resources */ = {isa = PBXBuildFile; fileRef = 91419D9C256AB84200AF2D59 /* FeatureCCell.xib */; };
		91419DA5256AB88400AF2D59 /* PickerCCell.swift in Sources */ = {isa = PBXBuildFile; fileRef = 91419DA3256AB88400AF2D59 /* PickerCCell.swift */; };
		91419DA6256AB88400AF2D59 /* PickerCCell.xib in Resources */ = {isa = PBXBuildFile; fileRef = 91419DA4256AB88400AF2D59 /* PickerCCell.xib */; };
		91419DAA256AB89600AF2D59 /* CategoriesCCell.swift in Sources */ = {isa = PBXBuildFile; fileRef = 91419DA8256AB89600AF2D59 /* CategoriesCCell.swift */; };
		91419DAB256AB89600AF2D59 /* CategoriesCCell.xib in Resources */ = {isa = PBXBuildFile; fileRef = 91419DA9256AB89600AF2D59 /* CategoriesCCell.xib */; };
		91419DAF256ABF0200AF2D59 /* BaseNBC.swift in Sources */ = {isa = PBXBuildFile; fileRef = 91419DAE256ABF0200AF2D59 /* BaseNBC.swift */; };
		91419DB4256AC6CA00AF2D59 /* DetailsVC.swift in Sources */ = {isa = PBXBuildFile; fileRef = 91419DB2256AC6CA00AF2D59 /* DetailsVC.swift */; };
		91419DB5256AC6CA00AF2D59 /* DetailsVC.xib in Resources */ = {isa = PBXBuildFile; fileRef = 91419DB3256AC6CA00AF2D59 /* DetailsVC.xib */; };
/* End PBXBuildFile section */

/* Begin PBXFileReference section */
		91419D53256AA05500AF2D59 /* Collection-In-Tableview.app */ = {isa = PBXFileReference; explicitFileType = wrapper.application; includeInIndex = 0; path = "Collection-In-Tableview.app"; sourceTree = BUILT_PRODUCTS_DIR; };
		91419D56256AA05500AF2D59 /* AppDelegate.swift */ = {isa = PBXFileReference; lastKnownFileType = sourcecode.swift; path = AppDelegate.swift; sourceTree = "<group>"; };
		91419D58256AA05500AF2D59 /* SceneDelegate.swift */ = {isa = PBXFileReference; lastKnownFileType = sourcecode.swift; path = SceneDelegate.swift; sourceTree = "<group>"; };
		91419D5D256AA05500AF2D59 /* Base */ = {isa = PBXFileReference; lastKnownFileType = file.storyboard; name = Base; path = Base.lproj/Main.storyboard; sourceTree = "<group>"; };
		91419D5F256AA05900AF2D59 /* Assets.xcassets */ = {isa = PBXFileReference; lastKnownFileType = folder.assetcatalog; path = Assets.xcassets; sourceTree = "<group>"; };
		91419D62256AA05900AF2D59 /* Base */ = {isa = PBXFileReference; lastKnownFileType = file.storyboard; name = Base; path = Base.lproj/LaunchScreen.storyboard; sourceTree = "<group>"; };
		91419D64256AA05900AF2D59 /* Info.plist */ = {isa = PBXFileReference; lastKnownFileType = text.plist.xml; path = Info.plist; sourceTree = "<group>"; };
		91419D71256AA0A800AF2D59 /* MainVC.swift */ = {isa = PBXFileReference; lastKnownFileType = sourcecode.swift; path = MainVC.swift; sourceTree = "<group>"; };
		91419D72256AA0A800AF2D59 /* MainVC.xib */ = {isa = PBXFileReference; lastKnownFileType = file.xib; path = MainVC.xib; sourceTree = "<group>"; };
		91419D7A256AA2BF00AF2D59 /* FeatureCell.swift */ = {isa = PBXFileReference; lastKnownFileType = sourcecode.swift; path = FeatureCell.swift; sourceTree = "<group>"; };
		91419D7B256AA2BF00AF2D59 /* FeatureCell.xib */ = {isa = PBXFileReference; lastKnownFileType = file.xib; path = FeatureCell.xib; sourceTree = "<group>"; };
		91419D82256AA4EB00AF2D59 /* Constant.swift */ = {isa = PBXFileReference; lastKnownFileType = sourcecode.swift; path = Constant.swift; sourceTree = "<group>"; };
		91419D86256AA5CF00AF2D59 /* PickCell.swift */ = {isa = PBXFileReference; lastKnownFileType = sourcecode.swift; path = PickCell.swift; sourceTree = "<group>"; };
		91419D87256AA5CF00AF2D59 /* PickCell.xib */ = {isa = PBXFileReference; lastKnownFileType = file.xib; path = PickCell.xib; sourceTree = "<group>"; };
		91419D8C256AA6AA00AF2D59 /* CategoriesCell.swift */ = {isa = PBXFileReference; lastKnownFileType = sourcecode.swift; path = CategoriesCell.swift; sourceTree = "<group>"; };
		91419D8D256AA6AA00AF2D59 /* CategoriesCell.xib */ = {isa = PBXFileReference; lastKnownFileType = file.xib; path = CategoriesCell.xib; sourceTree = "<group>"; };
		91419D9B256AB84200AF2D59 /* FeatureCCell.swift */ = {isa = PBXFileReference; lastKnownFileType = sourcecode.swift; path = FeatureCCell.swift; sourceTree = "<group>"; };
		91419D9C256AB84200AF2D59 /* FeatureCCell.xib */ = {isa = PBXFileReference; lastKnownFileType = file.xib; path = FeatureCCell.xib; sourceTree = "<group>"; };
		91419DA3256AB88400AF2D59 /* PickerCCell.swift */ = {isa = PBXFileReference; lastKnownFileType = sourcecode.swift; path = PickerCCell.swift; sourceTree = "<group>"; };
		91419DA4256AB88400AF2D59 /* PickerCCell.xib */ = {isa = PBXFileReference; lastKnownFileType = file.xib; path = PickerCCell.xib; sourceTree = "<group>"; };
		91419DA8256AB89600AF2D59 /* CategoriesCCell.swift */ = {isa = PBXFileReference; lastKnownFileType = sourcecode.swift; path = CategoriesCCell.swift; sourceTree = "<group>"; };
		91419DA9256AB89600AF2D59 /* CategoriesCCell.xib */ = {isa = PBXFileReference; lastKnownFileType = file.xib; path = CategoriesCCell.xib; sourceTree = "<group>"; };
		91419DAE256ABF0200AF2D59 /* BaseNBC.swift */ = {isa = PBXFileReference; lastKnownFileType = sourcecode.swift; path = BaseNBC.swift; sourceTree = "<group>"; };
		91419DB2256AC6CA00AF2D59 /* DetailsVC.swift */ = {isa = PBXFileReference; lastKnownFileType = sourcecode.swift; path = DetailsVC.swift; sourceTree = "<group>"; };
		91419DB3256AC6CA00AF2D59 /* DetailsVC.xib */ = {isa = PBXFileReference; lastKnownFileType = file.xib; path = DetailsVC.xib; sourceTree = "<group>"; };
/* End PBXFileReference section */

/* Begin PBXFrameworksBuildPhase section */
		91419D50256AA05500AF2D59 /* Frameworks */ = {
			isa = PBXFrameworksBuildPhase;
			buildActionMask = 2147483647;
			files = (
			);
			runOnlyForDeploymentPostprocessing = 0;
		};
/* End PBXFrameworksBuildPhase section */

/* Begin PBXGroup section */
		91419D4A256AA05500AF2D59 = {
			isa = PBXGroup;
			children = (
				91419D81256AA4E100AF2D59 /* Constant */,
				91419D6F256AA07200AF2D59 /* Appdelegate */,
				91419D6E256AA06C00AF2D59 /* Controller */,
				91419D6C256AA06700AF2D59 /* View */,
				91419D6B256AA06200AF2D59 /* Model */,
				91419D55256AA05500AF2D59 /* Collection-In-Tableview */,
				91419D54256AA05500AF2D59 /* Products */,
			);
			sourceTree = "<group>";
		};
		91419D54256AA05500AF2D59 /* Products */ = {
			isa = PBXGroup;
			children = (
				91419D53256AA05500AF2D59 /* Collection-In-Tableview.app */,
			);
			name = Products;
			sourceTree = "<group>";
		};
		91419D55256AA05500AF2D59 /* Collection-In-Tableview */ = {
			isa = PBXGroup;
			children = (
				91419D5C256AA05500AF2D59 /* Main.storyboard */,
				91419D5F256AA05900AF2D59 /* Assets.xcassets */,
				91419D61256AA05900AF2D59 /* LaunchScreen.storyboard */,
				91419D64256AA05900AF2D59 /* Info.plist */,
			);
			path = "Collection-In-Tableview";
			sourceTree = "<group>";
		};
		91419D6B256AA06200AF2D59 /* Model */ = {
			isa = PBXGroup;
			children = (
			);
			path = Model;
			sourceTree = "<group>";
		};
		91419D6C256AA06700AF2D59 /* View */ = {
			isa = PBXGroup;
			children = (
				91419D79256AA12E00AF2D59 /* Home */,
			);
			path = View;
			sourceTree = "<group>";
		};
		91419D6E256AA06C00AF2D59 /* Controller */ = {
			isa = PBXGroup;
			children = (
				91419D77256AA11900AF2D59 /* Base */,
				91419D78256AA12000AF2D59 /* Home */,
			);
			path = Controller;
			sourceTree = "<group>";
		};
		91419D6F256AA07200AF2D59 /* Appdelegate */ = {
			isa = PBXGroup;
			children = (
				91419D56256AA05500AF2D59 /* AppDelegate.swift */,
				91419D58256AA05500AF2D59 /* SceneDelegate.swift */,
			);
			path = Appdelegate;
			sourceTree = "<group>";
		};
		91419D77256AA11900AF2D59 /* Base */ = {
			isa = PBXGroup;
			children = (
				91419DAE256ABF0200AF2D59 /* BaseNBC.swift */,
			);
			path = Base;
			sourceTree = "<group>";
		};
		91419D78256AA12000AF2D59 /* Home */ = {
			isa = PBXGroup;
			children = (
				91419D71256AA0A800AF2D59 /* MainVC.swift */,
				91419DA1256AB84700AF2D59 /* TableView */,
			);
			path = Home;
			sourceTree = "<group>";
		};
		91419D79256AA12E00AF2D59 /* Home */ = {
			isa = PBXGroup;
			children = (
				91419D72256AA0A800AF2D59 /* MainVC.xib */,
				91419D9A256AB81400AF2D59 /* TableView */,
				91419DB3256AC6CA00AF2D59 /* DetailsVC.xib */,
			);
			path = Home;
			sourceTree = "<group>";
		};
		91419D81256AA4E100AF2D59 /* Constant */ = {
			isa = PBXGroup;
			children = (
				91419D82256AA4EB00AF2D59 /* Constant.swift */,
			);
			path = Constant;
			sourceTree = "<group>";
		};
		91419D99256AB80400AF2D59 /* CollectionView */ = {
			isa = PBXGroup;
			children = (
				91419D9C256AB84200AF2D59 /* FeatureCCell.xib */,
				91419DA4256AB88400AF2D59 /* PickerCCell.xib */,
				91419DA9256AB89600AF2D59 /* CategoriesCCell.xib */,
			);
			path = CollectionView;
			sourceTree = "<group>";
		};
		91419D9A256AB81400AF2D59 /* TableView */ = {
			isa = PBXGroup;
			children = (
				91419D7B256AA2BF00AF2D59 /* FeatureCell.xib */,
				91419D87256AA5CF00AF2D59 /* PickCell.xib */,
				91419D8D256AA6AA00AF2D59 /* CategoriesCell.xib */,
				91419D99256AB80400AF2D59 /* CollectionView */,
			);
			path = TableView;
			sourceTree = "<group>";
		};
		91419DA1256AB84700AF2D59 /* TableView */ = {
			isa = PBXGroup;
			children = (
				91419DB2256AC6CA00AF2D59 /* DetailsVC.swift */,
				91419D7A256AA2BF00AF2D59 /* FeatureCell.swift */,
				91419D86256AA5CF00AF2D59 /* PickCell.swift */,
				91419D8C256AA6AA00AF2D59 /* CategoriesCell.swift */,
				91419DA2256AB84D00AF2D59 /* CollectionView */,
			);
			path = TableView;
			sourceTree = "<group>";
		};
		91419DA2256AB84D00AF2D59 /* CollectionView */ = {
			isa = PBXGroup;
			children = (
				91419D9B256AB84200AF2D59 /* FeatureCCell.swift */,
				91419DA3256AB88400AF2D59 /* PickerCCell.swift */,
				91419DA8256AB89600AF2D59 /* CategoriesCCell.swift */,
			);
			path = CollectionView;
			sourceTree = "<group>";
		};
/* End PBXGroup section */

/* Begin PBXNativeTarget section */
		91419D52256AA05500AF2D59 /* Collection-In-Tableview */ = {
			isa = PBXNativeTarget;
			buildConfigurationList = 91419D67256AA05900AF2D59 /* Build configuration list for PBXNativeTarget "Collection-In-Tableview" */;
			buildPhases = (
				91419D4F256AA05500AF2D59 /* Sources */,
				91419D50256AA05500AF2D59 /* Frameworks */,
				91419D51256AA05500AF2D59 /* Resources */,
			);
			buildRules = (
			);
			dependencies = (
			);
			name = "Collection-In-Tableview";
			productName = "Collection-In-Tableview";
			productReference = 91419D53256AA05500AF2D59 /* Collection-In-Tableview.app */;
			productType = "com.apple.product-type.application";
		};
/* End PBXNativeTarget section */

/* Begin PBXProject section */
		91419D4B256AA05500AF2D59 /* Project object */ = {
			isa = PBXProject;
			attributes = {
				LastSwiftUpdateCheck = 1210;
				LastUpgradeCheck = 1210;
				TargetAttributes = {
					91419D52256AA05500AF2D59 = {
						CreatedOnToolsVersion = 12.1;
					};
				};
			};
			buildConfigurationList = 91419D4E256AA05500AF2D59 /* Build configuration list for PBXProject "Collection-In-Tableview" */;
			compatibilityVersion = "Xcode 9.3";
			developmentRegion = en;
			hasScannedForEncodings = 0;
			knownRegions = (
				en,
				Base,
			);
			mainGroup = 91419D4A256AA05500AF2D59;
			productRefGroup = 91419D54256AA05500AF2D59 /* Products */;
			projectDirPath = "";
			projectRoot = "";
			targets = (
				91419D52256AA05500AF2D59 /* Collection-In-Tableview */,
			);
		};
/* End PBXProject section */

/* Begin PBXResourcesBuildPhase section */
		91419D51256AA05500AF2D59 /* Resources */ = {
			isa = PBXResourcesBuildPhase;
			buildActionMask = 2147483647;
			files = (
				91419D9E256AB84200AF2D59 /* FeatureCCell.xib in Resources */,
				91419DAB256AB89600AF2D59 /* CategoriesCCell.xib in Resources */,
				91419D8F256AA6AA00AF2D59 /* CategoriesCell.xib in Resources */,
				91419D63256AA05900AF2D59 /* LaunchScreen.storyboard in Resources */,
				91419D74256AA0A800AF2D59 /* MainVC.xib in Resources */,
				91419D89256AA5CF00AF2D59 /* PickCell.xib in Resources */,
				91419D60256AA05900AF2D59 /* Assets.xcassets in Resources */,
				91419D7D256AA2BF00AF2D59 /* FeatureCell.xib in Resources */,
				91419DB5256AC6CA00AF2D59 /* DetailsVC.xib in Resources */,
				91419D5E256AA05500AF2D59 /* Main.storyboard in Resources */,
				91419DA6256AB88400AF2D59 /* PickerCCell.xib in Resources */,
			);
			runOnlyForDeploymentPostprocessing = 0;
		};
/* End PBXResourcesBuildPhase section */

/* Begin PBXSourcesBuildPhase section */
		91419D4F256AA05500AF2D59 /* Sources */ = {
			isa = PBXSourcesBuildPhase;
			buildActionMask = 2147483647;
			files = (
				91419D7C256AA2BF00AF2D59 /* FeatureCell.swift in Sources */,
				91419DB4256AC6CA00AF2D59 /* DetailsVC.swift in Sources */,
				91419D8E256AA6AA00AF2D59 /* CategoriesCell.swift in Sources */,
				91419D57256AA05500AF2D59 /* AppDelegate.swift in Sources */,
				91419D83256AA4EB00AF2D59 /* Constant.swift in Sources */,
				91419D9D256AB84200AF2D59 /* FeatureCCell.swift in Sources */,
				91419D73256AA0A800AF2D59 /* MainVC.swift in Sources */,
				91419D88256AA5CF00AF2D59 /* PickCell.swift in Sources */,
				91419DAA256AB89600AF2D59 /* CategoriesCCell.swift in Sources */,
				91419DAF256ABF0200AF2D59 /* BaseNBC.swift in Sources */,
				91419DA5256AB88400AF2D59 /* PickerCCell.swift in Sources */,
				91419D59256AA05500AF2D59 /* SceneDelegate.swift in Sources */,
			);
			runOnlyForDeploymentPostprocessing = 0;
		};
/* End PBXSourcesBuildPhase section */

/* Begin PBXVariantGroup section */
		91419D5C256AA05500AF2D59 /* Main.storyboard */ = {
			isa = PBXVariantGroup;
			children = (
				91419D5D256AA05500AF2D59 /* Base */,
			);
			name = Main.storyboard;
			sourceTree = "<group>";
		};
		91419D61256AA05900AF2D59 /* LaunchScreen.storyboard */ = {
			isa = PBXVariantGroup;
			children = (
				91419D62256AA05900AF2D59 /* Base */,
			);
			name = LaunchScreen.storyboard;
			sourceTree = "<group>";
		};
/* End PBXVariantGroup section */

/* Begin XCBuildConfiguration section */
		91419D65256AA05900AF2D59 /* Debug */ = {
			isa = XCBuildConfiguration;
			buildSettings = {
				ALWAYS_SEARCH_USER_PATHS = NO;
				CLANG_ANALYZER_NONNULL = YES;
				CLANG_ANALYZER_NUMBER_OBJECT_CONVERSION = YES_AGGRESSIVE;
				CLANG_CXX_LANGUAGE_STANDARD = "gnu++14";
				CLANG_CXX_LIBRARY = "libc++";
				CLANG_ENABLE_MODULES = YES;
				CLANG_ENABLE_OBJC_ARC = YES;
				CLANG_ENABLE_OBJC_WEAK = YES;
				CLANG_WARN_BLOCK_CAPTURE_AUTORELEASING = YES;
				CLANG_WARN_BOOL_CONVERSION = YES;
				CLANG_WARN_COMMA = YES;
				CLANG_WARN_CONSTANT_CONVERSION = YES;
				CLANG_WARN_DEPRECATED_OBJC_IMPLEMENTATIONS = YES;
				CLANG_WARN_DIRECT_OBJC_ISA_USAGE = YES_ERROR;
				CLANG_WARN_DOCUMENTATION_COMMENTS = YES;
				CLANG_WARN_EMPTY_BODY = YES;
				CLANG_WARN_ENUM_CONVERSION = YES;
				CLANG_WARN_INFINITE_RECURSION = YES;
				CLANG_WARN_INT_CONVERSION = YES;
				CLANG_WARN_NON_LITERAL_NULL_CONVERSION = YES;
				CLANG_WARN_OBJC_IMPLICIT_RETAIN_SELF = YES;
				CLANG_WARN_OBJC_LITERAL_CONVERSION = YES;
				CLANG_WARN_OBJC_ROOT_CLASS = YES_ERROR;
				CLANG_WARN_QUOTED_INCLUDE_IN_FRAMEWORK_HEADER = YES;
				CLANG_WARN_RANGE_LOOP_ANALYSIS = YES;
				CLANG_WARN_STRICT_PROTOTYPES = YES;
				CLANG_WARN_SUSPICIOUS_MOVE = YES;
				CLANG_WARN_UNGUARDED_AVAILABILITY = YES_AGGRESSIVE;
				CLANG_WARN_UNREACHABLE_CODE = YES;
				CLANG_WARN__DUPLICATE_METHOD_MATCH = YES;
				COPY_PHASE_STRIP = NO;
				DEBUG_INFORMATION_FORMAT = dwarf;
				ENABLE_STRICT_OBJC_MSGSEND = YES;
				ENABLE_TESTABILITY = YES;
				GCC_C_LANGUAGE_STANDARD = gnu11;
				GCC_DYNAMIC_NO_PIC = NO;
				GCC_NO_COMMON_BLOCKS = YES;
				GCC_OPTIMIZATION_LEVEL = 0;
				GCC_PREPROCESSOR_DEFINITIONS = (
					"DEBUG=1",
					"$(inherited)",
				);
				GCC_WARN_64_TO_32_BIT_CONVERSION = YES;
				GCC_WARN_ABOUT_RETURN_TYPE = YES_ERROR;
				GCC_WARN_UNDECLARED_SELECTOR = YES;
				GCC_WARN_UNINITIALIZED_AUTOS = YES_AGGRESSIVE;
				GCC_WARN_UNUSED_FUNCTION = YES;
				GCC_WARN_UNUSED_VARIABLE = YES;
				IPHONEOS_DEPLOYMENT_TARGET = 14.1;
				MTL_ENABLE_DEBUG_INFO = INCLUDE_SOURCE;
				MTL_FAST_MATH = YES;
				ONLY_ACTIVE_ARCH = YES;
				SDKROOT = iphoneos;
				SWIFT_ACTIVE_COMPILATION_CONDITIONS = DEBUG;
				SWIFT_OPTIMIZATION_LEVEL = "-Onone";
			};
			name = Debug;
		};
		91419D66256AA05900AF2D59 /* Release */ = {
			isa = XCBuildConfiguration;
			buildSettings = {
				ALWAYS_SEARCH_USER_PATHS = NO;
				CLANG_ANALYZER_NONNULL = YES;
				CLANG_ANALYZER_NUMBER_OBJECT_CONVERSION = YES_AGGRESSIVE;
				CLANG_CXX_LANGUAGE_STANDARD = "gnu++14";
				CLANG_CXX_LIBRARY = "libc++";
				CLANG_ENABLE_MODULES = YES;
				CLANG_ENABLE_OBJC_ARC = YES;
				CLANG_ENABLE_OBJC_WEAK = YES;
				CLANG_WARN_BLOCK_CAPTURE_AUTORELEASING = YES;
				CLANG_WARN_BOOL_CONVERSION = YES;
				CLANG_WARN_COMMA = YES;
				CLANG_WARN_CONSTANT_CONVERSION = YES;
				CLANG_WARN_DEPRECATED_OBJC_IMPLEMENTATIONS = YES;
				CLANG_WARN_DIRECT_OBJC_ISA_USAGE = YES_ERROR;
				CLANG_WARN_DOCUMENTATION_COMMENTS = YES;
				CLANG_WARN_EMPTY_BODY = YES;
				CLANG_WARN_ENUM_CONVERSION = YES;
				CLANG_WARN_INFINITE_RECURSION = YES;
				CLANG_WARN_INT_CONVERSION = YES;
				CLANG_WARN_NON_LITERAL_NULL_CONVERSION = YES;
				CLANG_WARN_OBJC_IMPLICIT_RETAIN_SELF = YES;
				CLANG_WARN_OBJC_LITERAL_CONVERSION = YES;
				CLANG_WARN_OBJC_ROOT_CLASS = YES_ERROR;
				CLANG_WARN_QUOTED_INCLUDE_IN_FRAMEWORK_HEADER = YES;
				CLANG_WARN_RANGE_LOOP_ANALYSIS = YES;
				CLANG_WARN_STRICT_PROTOTYPES = YES;
				CLANG_WARN_SUSPICIOUS_MOVE = YES;
				CLANG_WARN_UNGUARDED_AVAILABILITY = YES_AGGRESSIVE;
				CLANG_WARN_UNREACHABLE_CODE = YES;
				CLANG_WARN__DUPLICATE_METHOD_MATCH = YES;
				COPY_PHASE_STRIP = NO;
				DEBUG_INFORMATION_FORMAT = "dwarf-with-dsym";
				ENABLE_NS_ASSERTIONS = NO;
				ENABLE_STRICT_OBJC_MSGSEND = YES;
				GCC_C_LANGUAGE_STANDARD = gnu11;
				GCC_NO_COMMON_BLOCKS = YES;
				GCC_WARN_64_TO_32_BIT_CONVERSION = YES;
				GCC_WARN_ABOUT_RETURN_TYPE = YES_ERROR;
				GCC_WARN_UNDECLARED_SELECTOR = YES;
				GCC_WARN_UNINITIALIZED_AUTOS = YES_AGGRESSIVE;
				GCC_WARN_UNUSED_FUNCTION = YES;
				GCC_WARN_UNUSED_VARIABLE = YES;
				IPHONEOS_DEPLOYMENT_TARGET = 14.1;
				MTL_ENABLE_DEBUG_INFO = NO;
				MTL_FAST_MATH = YES;
				SDKROOT = iphoneos;
				SWIFT_COMPILATION_MODE = wholemodule;
				SWIFT_OPTIMIZATION_LEVEL = "-O";
				VALIDATE_PRODUCT = YES;
			};
			name = Release;
		};
		91419D68256AA05900AF2D59 /* Debug */ = {
			isa = XCBuildConfiguration;
			buildSettings = {
				ASSETCATALOG_COMPILER_APPICON_NAME = AppIcon;
				ASSETCATALOG_COMPILER_GLOBAL_ACCENT_COLOR_NAME = AccentColor;
				CODE_SIGN_STYLE = Automatic;
				DEVELOPMENT_TEAM = D4H24PLLCD;
				INFOPLIST_FILE = "Collection-In-Tableview/Info.plist";
				LD_RUNPATH_SEARCH_PATHS = (
					"$(inherited)",
					"@executable_path/Frameworks",
				);
				PRODUCT_BUNDLE_IDENTIFIER = "Sherbeny96.Collection-In-Tableview";
				PRODUCT_NAME = "$(TARGET_NAME)";
				SWIFT_VERSION = 5.0;
				TARGETED_DEVICE_FAMILY = "1,2";
			};
			name = Debug;
		};
		91419D69256AA05900AF2D59 /* Release */ = {
			isa = XCBuildConfiguration;
			buildSettings = {
				ASSETCATALOG_COMPILER_APPICON_NAME = AppIcon;
				ASSETCATALOG_COMPILER_GLOBAL_ACCENT_COLOR_NAME = AccentColor;
				CODE_SIGN_STYLE = Automatic;
				DEVELOPMENT_TEAM = D4H24PLLCD;
				INFOPLIST_FILE = "Collection-In-Tableview/Info.plist";
				LD_RUNPATH_SEARCH_PATHS = (
					"$(inherited)",
					"@executable_path/Frameworks",
				);
				PRODUCT_BUNDLE_IDENTIFIER = "Sherbeny96.Collection-In-Tableview";
				PRODUCT_NAME = "$(TARGET_NAME)";
				SWIFT_VERSION = 5.0;
				TARGETED_DEVICE_FAMILY = "1,2";
			};
			name = Release;
		};
/* End XCBuildConfiguration section */

/* Begin XCConfigurationList section */
		91419D4E256AA05500AF2D59 /* Build configuration list for PBXProject "Collection-In-Tableview" */ = {
			isa = XCConfigurationList;
			buildConfigurations = (
				91419D65256AA05900AF2D59 /* Debug */,
				91419D66256AA05900AF2D59 /* Release */,
			);
			defaultConfigurationIsVisible = 0;
			defaultConfigurationName = Release;
		};
		91419D67256AA05900AF2D59 /* Build configuration list for PBXNativeTarget "Collection-In-Tableview" */ = {
			isa = XCConfigurationList;
			buildConfigurations = (
				91419D68256AA05900AF2D59 /* Debug */,
				91419D69256AA05900AF2D59 /* Release */,
			);
			defaultConfigurationIsVisible = 0;
			defaultConfigurationName = Release;
		};
/* End XCConfigurationList section */
	};
	rootObject = 91419D4B256AA05500AF2D59 /* Project object */;
}
